
Microsoft Visual Studio Solution File, Format Version 12.00
# Visual Studio Version 16
VisualStudioVersion = 16.0.31005.135
MinimumVisualStudioVersion = 10.0.40219.1
Project("{FAE04EC0-301F-11D3-BF4B-00C04F79EFBC}") = "Sistema APE", "Sistema APE\Sistema APE.csproj", "{9213A500-531F-4812-BAAB-31210B6217C6}"
EndProject
Global
	GlobalSection(SolutionConfigurationPlatforms) = preSolution
		Debug|Any CPU = Debug|Any CPU
		Release|Any CPU = Release|Any CPU
	EndGlobalSection
	GlobalSection(ProjectConfigurationPlatforms) = postSolution
		{9213A500-531F-4812-BAAB-31210B6217C6}.Debug|Any CPU.ActiveCfg = Debug|Any CPU
		{9213A500-531F-4812-BAAB-31210B6217C6}.Debug|Any CPU.Build.0 = Debug|Any CPU
		{9213A500-531F-4812-BAAB-31210B6217C6}.Release|Any CPU.ActiveCfg = Release|Any CPU
		{9213A500-531F-4812-BAAB-31210B6217C6}.Release|Any CPU.Build.0 = Release|Any CPU
	EndGlobalSection
	GlobalSection(SolutionProperties) = preSolution
		HideSolutionNode = FALSE
	EndGlobalSection
	GlobalSection(ExtensibilityGlobals) = postSolution
		SolutionGuid = {03F49EDD-2246-4498-8FA7-5EF0F84942AA}
	EndGlobalSection
EndGlobal
